
Microsoft Visual Studio Solution File, Format Version 12.00
# Visual Studio Version 16
VisualStudioVersion = 16.0.31313.79
MinimumVisualStudioVersion = 10.0.40219.1
Project("{FAE04EC0-301F-11D3-BF4B-00C04F79EFBC}") = "CovidVaccinationCenterApp", "CovidVaccinationCenterApp\CovidVaccinationCenterApp.csproj", "{C53F21F1-E0FB-45DB-BC86-2BEC51407ABB}"
EndProject
Project("{FAE04EC0-301F-11D3-BF4B-00C04F79EFBC}") = "CovidVaccinationCenterApp.Tests", "CovidVaccinationCenterApp.Tests\CovidVaccinationCenterApp.Tests.csproj", "{F91402F9-0248-41BC-81CF-A123414A5170}"
EndProject
Global
	GlobalSection(SolutionConfigurationPlatforms) = preSolution
		Debug|Any CPU = Debug|Any CPU
		Release|Any CPU = Release|Any CPU
	EndGlobalSection
	GlobalSection(ProjectConfigurationPlatforms) = postSolution
		{C53F21F1-E0FB-45DB-BC86-2BEC51407ABB}.Debug|Any CPU.ActiveCfg = Debug|Any CPU
		{C53F21F1-E0FB-45DB-BC86-2BEC51407ABB}.Debug|Any CPU.Build.0 = Debug|Any CPU
		{C53F21F1-E0FB-45DB-BC86-2BEC51407ABB}.Release|Any CPU.ActiveCfg = Release|Any CPU
		{C53F21F1-E0FB-45DB-BC86-2BEC51407ABB}.Release|Any CPU.Build.0 = Release|Any CPU
		{F91402F9-0248-41BC-81CF-A123414A5170}.Debug|Any CPU.ActiveCfg = Debug|Any CPU
		{F91402F9-0248-41BC-81CF-A123414A5170}.Debug|Any CPU.Build.0 = Debug|Any CPU
		{F91402F9-0248-41BC-81CF-A123414A5170}.Release|Any CPU.ActiveCfg = Release|Any CPU
		{F91402F9-0248-41BC-81CF-A123414A5170}.Release|Any CPU.Build.0 = Release|Any CPU
	EndGlobalSection
	GlobalSection(SolutionProperties) = preSolution
		HideSolutionNode = FALSE
	EndGlobalSection
	GlobalSection(ExtensibilityGlobals) = postSolution
		SolutionGuid = {03AFD845-BABC-4485-A57E-AB2197A22033}
	EndGlobalSection
EndGlobal
